
Microsoft Visual Studio Solution File, Format Version 12.00
# Visual Studio Version 16
VisualStudioVersion = 16.0.30621.155
MinimumVisualStudioVersion = 10.0.40219.1
Project("{FAE04EC0-301F-11D3-BF4B-00C04F79EFBC}") = "ProductApi", "ProductApi.csproj", "{E7C9B427-3E48-47C6-8D5D-7712636CE3C7}"
EndProject
Global
	GlobalSection(SolutionConfigurationPlatforms) = preSolution
		Debug|Any CPU = Debug|Any CPU
		Release|Any CPU = Release|Any CPU
	EndGlobalSection
	GlobalSection(ProjectConfigurationPlatforms) = postSolution
		{E7C9B427-3E48-47C6-8D5D-7712636CE3C7}.Debug|Any CPU.ActiveCfg = Debug|Any CPU
		{E7C9B427-3E48-47C6-8D5D-7712636CE3C7}.Debug|Any CPU.Build.0 = Debug|Any CPU
		{E7C9B427-3E48-47C6-8D5D-7712636CE3C7}.Release|Any CPU.ActiveCfg = Release|Any CPU
		{E7C9B427-3E48-47C6-8D5D-7712636CE3C7}.Release|Any CPU.Build.0 = Release|Any CPU
	EndGlobalSection
	GlobalSection(SolutionProperties) = preSolution
		HideSolutionNode = FALSE
	EndGlobalSection
	GlobalSection(ExtensibilityGlobals) = postSolution
		SolutionGuid = {1A5AFA49-3A93-49F5-8C24-7E542D7EE704}
	EndGlobalSection
EndGlobal
